
Microsoft Visual Studio Solution File, Format Version 12.00
# Visual Studio Version 16
VisualStudioVersion = 16.0.30011.22
MinimumVisualStudioVersion = 10.0.40219.1
Project("{FAE04EC0-301F-11D3-BF4B-00C04F79EFBC}") = "Balraj_Game", "Balraj_Game\Balraj_Game.csproj", "{10923BD0-E764-4E60-B4C1-9E18FD6D4B3D}"
EndProject
Project("{FAE04EC0-301F-11D3-BF4B-00C04F79EFBC}") = "Balraj_UnitTest", "Balraj_UnitTest\Balraj_UnitTest.csproj", "{F96A9C0B-0C49-4734-90C2-76F6311C6503}"
EndProject
Global
	GlobalSection(SolutionConfigurationPlatforms) = preSolution
		Debug|Any CPU = Debug|Any CPU
		Release|Any CPU = Release|Any CPU
	EndGlobalSection
	GlobalSection(ProjectConfigurationPlatforms) = postSolution
		{10923BD0-E764-4E60-B4C1-9E18FD6D4B3D}.Debug|Any CPU.ActiveCfg = Debug|Any CPU
		{10923BD0-E764-4E60-B4C1-9E18FD6D4B3D}.Debug|Any CPU.Build.0 = Debug|Any CPU
		{10923BD0-E764-4E60-B4C1-9E18FD6D4B3D}.Release|Any CPU.ActiveCfg = Release|Any CPU
		{10923BD0-E764-4E60-B4C1-9E18FD6D4B3D}.Release|Any CPU.Build.0 = Release|Any CPU
		{F96A9C0B-0C49-4734-90C2-76F6311C6503}.Debug|Any CPU.ActiveCfg = Debug|Any CPU
		{F96A9C0B-0C49-4734-90C2-76F6311C6503}.Debug|Any CPU.Build.0 = Debug|Any CPU
		{F96A9C0B-0C49-4734-90C2-76F6311C6503}.Release|Any CPU.ActiveCfg = Release|Any CPU
		{F96A9C0B-0C49-4734-90C2-76F6311C6503}.Release|Any CPU.Build.0 = Release|Any CPU
	EndGlobalSection
	GlobalSection(SolutionProperties) = preSolution
		HideSolutionNode = FALSE
	EndGlobalSection
	GlobalSection(ExtensibilityGlobals) = postSolution
		SolutionGuid = {70530BFF-E27A-4F4D-AEDB-A24860530C32}
	EndGlobalSection
EndGlobal
